
Microsoft Visual Studio Solution File, Format Version 11.00
# Visual Studio 2010
Project("{FAE04EC0-301F-11D3-BF4B-00C04F79EFBC}") = "GomokuUI", "GomokuUI\GomokuUI.csproj", "{97F3EDEC-38C5-44BE-B085-2E4C6C9DCC8F}"
EndProject
Global
	GlobalSection(SolutionConfigurationPlatforms) = preSolution
		Debug|x86 = Debug|x86
		Release|x86 = Release|x86
	EndGlobalSection
	GlobalSection(ProjectConfigurationPlatforms) = postSolution
		{97F3EDEC-38C5-44BE-B085-2E4C6C9DCC8F}.Debug|x86.ActiveCfg = Debug|x86
		{97F3EDEC-38C5-44BE-B085-2E4C6C9DCC8F}.Debug|x86.Build.0 = Debug|x86
		{97F3EDEC-38C5-44BE-B085-2E4C6C9DCC8F}.Release|x86.ActiveCfg = Release|x86
		{97F3EDEC-38C5-44BE-B085-2E4C6C9DCC8F}.Release|x86.Build.0 = Release|x86
	EndGlobalSection
	GlobalSection(SolutionProperties) = preSolution
		HideSolutionNode = FALSE
	EndGlobalSection
EndGlobal
